
Microsoft Visual Studio Solution File, Format Version 11.00
# Visual Studio 2010
Project("{FAE04EC0-301F-11D3-BF4B-00C04F79EFBC}") = "SettlersOnlineClient", "SettlersOnlineClient.csproj", "{1BA3444F-5109-44B4-B457-1A4C67CA8C42}"
EndProject
Project("{FAE04EC0-301F-11D3-BF4B-00C04F79EFBC}") = "SettlersOnlineClient.Web", "..\SettlersOnlineClient.Web\SettlersOnlineClient.Web.csproj", "{86266EDE-EA12-493D-B987-80F2C02D25A2}"
EndProject
Project("{FAE04EC0-301F-11D3-BF4B-00C04F79EFBC}") = "Network", "..\..\Components\Network\Network.csproj", "{B7864673-49B2-4BBF-8B67-4238D2AF558E}"
EndProject
Global
	GlobalSection(SolutionConfigurationPlatforms) = preSolution
		Debug|Any CPU = Debug|Any CPU
		Release|Any CPU = Release|Any CPU
	EndGlobalSection
	GlobalSection(ProjectConfigurationPlatforms) = postSolution
		{1BA3444F-5109-44B4-B457-1A4C67CA8C42}.Debug|Any CPU.ActiveCfg = Debug|Any CPU
		{1BA3444F-5109-44B4-B457-1A4C67CA8C42}.Debug|Any CPU.Build.0 = Debug|Any CPU
		{1BA3444F-5109-44B4-B457-1A4C67CA8C42}.Release|Any CPU.ActiveCfg = Release|Any CPU
		{1BA3444F-5109-44B4-B457-1A4C67CA8C42}.Release|Any CPU.Build.0 = Release|Any CPU
		{86266EDE-EA12-493D-B987-80F2C02D25A2}.Debug|Any CPU.ActiveCfg = Debug|Any CPU
		{86266EDE-EA12-493D-B987-80F2C02D25A2}.Debug|Any CPU.Build.0 = Debug|Any CPU
		{86266EDE-EA12-493D-B987-80F2C02D25A2}.Release|Any CPU.ActiveCfg = Release|Any CPU
		{86266EDE-EA12-493D-B987-80F2C02D25A2}.Release|Any CPU.Build.0 = Release|Any CPU
		{B7864673-49B2-4BBF-8B67-4238D2AF558E}.Debug|Any CPU.ActiveCfg = Debug|Any CPU
		{B7864673-49B2-4BBF-8B67-4238D2AF558E}.Debug|Any CPU.Build.0 = Debug|Any CPU
		{B7864673-49B2-4BBF-8B67-4238D2AF558E}.Release|Any CPU.ActiveCfg = Release|Any CPU
		{B7864673-49B2-4BBF-8B67-4238D2AF558E}.Release|Any CPU.Build.0 = Release|Any CPU
	EndGlobalSection
	GlobalSection(SolutionProperties) = preSolution
		HideSolutionNode = FALSE
	EndGlobalSection
EndGlobal
